// !$*UTF8*$!
{
	archiveVersion = 1;
	classes = {
	};
	objectVersion = 48;
	objects = {

/* Begin PBXBuildFile section */
		AAF7E1821F8D6417004FA672 /* AppDelegate.swift in Sources */ = {isa = PBXBuildFile; fileRef = AAF7E1811F8D6417004FA672 /* AppDelegate.swift */; };
		AAF7E1841F8D6417004FA672 /* ViewController.swift in Sources */ = {isa = PBXBuildFile; fileRef = AAF7E1831F8D6417004FA672 /* ViewController.swift */; };
		AAF7E1871F8D6417004FA672 /* Main.storyboard in Resources */ = {isa = PBXBuildFile; fileRef = AAF7E1851F8D6417004FA672 /* Main.storyboard */; };
		AAF7E1891F8D6417004FA672 /* Assets.xcassets in Resources */ = {isa = PBXBuildFile; fileRef = AAF7E1881F8D6417004FA672 /* Assets.xcassets */; };
		AAF7E18C1F8D6417004FA672 /* LaunchScreen.storyboard in Resources */ = {isa = PBXBuildFile; fileRef = AAF7E18A1F8D6417004FA672 /* LaunchScreen.storyboard */; };
		AAF7E1971F8D6417004FA672 /* QuoteProStarterTests.swift in Sources */ = {isa = PBXBuildFile; fileRef = AAF7E1961F8D6417004FA672 /* QuoteProStarterTests.swift */; };
/* End PBXBuildFile section */

/* Begin PBXContainerItemProxy section */
		AAF7E1931F8D6417004FA672 /* PBXContainerItemProxy */ = {
			isa = PBXContainerItemProxy;
			containerPortal = AAF7E1761F8D6417004FA672 /* Project object */;
			proxyType = 1;
			remoteGlobalIDString = AAF7E17D1F8D6417004FA672;
			remoteInfo = QuoteProStarter;
		};
/* End PBXContainerItemProxy section */

/* Begin PBXFileReference section */
		AAF7E17E1F8D6417004FA672 /* QuoteProStarter.app */ = {isa = PBXFileReference; explicitFileType = wrapper.application; includeInIndex = 0; path = QuoteProStarter.app; sourceTree = BUILT_PRODUCTS_DIR; };
		AAF7E1811F8D6417004FA672 /* AppDelegate.swift */ = {isa = PBXFileReference; lastKnownFileType = sourcecode.swift; path = AppDelegate.swift; sourceTree = "<group>"; };
		AAF7E1831F8D6417004FA672 /* ViewController.swift */ = {isa = PBXFileReference; lastKnownFileType = sourcecode.swift; path = ViewController.swift; sourceTree = "<group>"; };
		AAF7E1861F8D6417004FA672 /* Base */ = {isa = PBXFileReference; lastKnownFileType = file.storyboard; name = Base; path = Base.lproj/Main.storyboard; sourceTree = "<group>"; };
		AAF7E1881F8D6417004FA672 /* Assets.xcassets */ = {isa = PBXFileReference; lastKnownFileType = folder.assetcatalog; path = Assets.xcassets; sourceTree = "<group>"; };
		AAF7E18B1F8D6417004FA672 /* Base */ = {isa = PBXFileReference; lastKnownFileType = file.storyboard; name = Base; path = Base.lproj/LaunchScreen.storyboard; sourceTree = "<group>"; };
		AAF7E18D1F8D6417004FA672 /* Info.plist */ = {isa = PBXFileReference; lastKnownFileType = text.plist.xml; path = Info.plist; sourceTree = "<group>"; };
		AAF7E1921F8D6417004FA672 /* QuoteProStarterTests.xctest */ = {isa = PBXFileReference; explicitFileType = wrapper.cfbundle; includeInIndex = 0; path = QuoteProStarterTests.xctest; sourceTree = BUILT_PRODUCTS_DIR; };
		AAF7E1961F8D6417004FA672 /* QuoteProStarterTests.swift */ = {isa = PBXFileReference; lastKnownFileType = sourcecode.swift; path = QuoteProStarterTests.swift; sourceTree = "<group>"; };
		AAF7E1981F8D6417004FA672 /* Info.plist */ = {isa = PBXFileReference; lastKnownFileType = text.plist.xml; path = Info.plist; sourceTree = "<group>"; };
/* End PBXFileReference section */

/* Begin PBXFrameworksBuildPhase section */
		AAF7E17B1F8D6417004FA672 /* Frameworks */ = {
			isa = PBXFrameworksBuildPhase;
			buildActionMask = 2147483647;
			files = (
			);
			runOnlyForDeploymentPostprocessing = 0;
		};
		AAF7E18F1F8D6417004FA672 /* Frameworks */ = {
			isa = PBXFrameworksBuildPhase;
			buildActionMask = 2147483647;
			files = (
			);
			runOnlyForDeploymentPostprocessing = 0;
		};
/* End PBXFrameworksBuildPhase section */

/* Begin PBXGroup section */
		AAF7E1751F8D6417004FA672 = {
			isa = PBXGroup;
			children = (
				AAF7E1801F8D6417004FA672 /* QuoteProStarter */,
				AAF7E1951F8D6417004FA672 /* QuoteProStarterTests */,
				AAF7E17F1F8D6417004FA672 /* Products */,
			);
			sourceTree = "<group>";
		};
		AAF7E17F1F8D6417004FA672 /* Products */ = {
			isa = PBXGroup;
			children = (
				AAF7E17E1F8D6417004FA672 /* QuoteProStarter.app */,
				AAF7E1921F8D6417004FA672 /* QuoteProStarterTests.xctest */,
			);
			name = Products;
			sourceTree = "<group>";
		};
		AAF7E1801F8D6417004FA672 /* QuoteProStarter */ = {
			isa = PBXGroup;
			children = (
				AAF7E1A11F8D6421004FA672 /* Supplementary Files */,
				AAF7E1851F8D6417004FA672 /* Main.storyboard */,
				AAF7E1881F8D6417004FA672 /* Assets.xcassets */,
			);
			path = QuoteProStarter;
			sourceTree = "<group>";
		};
		AAF7E1951F8D6417004FA672 /* QuoteProStarterTests */ = {
			isa = PBXGroup;
			children = (
				AAF7E1961F8D6417004FA672 /* QuoteProStarterTests.swift */,
				AAF7E1981F8D6417004FA672 /* Info.plist */,
			);
			path = QuoteProStarterTests;
			sourceTree = "<group>";
		};
		AAF7E1A11F8D6421004FA672 /* Supplementary Files */ = {
			isa = PBXGroup;
			children = (
				AAF7E1811F8D6417004FA672 /* AppDelegate.swift */,
				AAF7E1831F8D6417004FA672 /* ViewController.swift */,
				AAF7E18A1F8D6417004FA672 /* LaunchScreen.storyboard */,
				AAF7E18D1F8D6417004FA672 /* Info.plist */,
			);
			path = "Supplementary Files";
			sourceTree = "<group>";
		};
/* End PBXGroup section */

/* Begin PBXNativeTarget section */
		AAF7E17D1F8D6417004FA672 /* QuoteProStarter */ = {
			isa = PBXNativeTarget;
			buildConfigurationList = AAF7E19B1F8D6417004FA672 /* Build configuration list for PBXNativeTarget "QuoteProStarter" */;
			buildPhases = (
				AAF7E17A1F8D6417004FA672 /* Sources */,
				AAF7E17B1F8D6417004FA672 /* Frameworks */,
				AAF7E17C1F8D6417004FA672 /* Resources */,
			);
			buildRules = (
			);
			dependencies = (
			);
			name = QuoteProStarter;
			productName = QuoteProStarter;
			productReference = AAF7E17E1F8D6417004FA672 /* QuoteProStarter.app */;
			productType = "com.apple.product-type.application";
		};
		AAF7E1911F8D6417004FA672 /* QuoteProStarterTests */ = {
			isa = PBXNativeTarget;
			buildConfigurationList = AAF7E19E1F8D6417004FA672 /* Build configuration list for PBXNativeTarget "QuoteProStarterTests" */;
			buildPhases = (
				AAF7E18E1F8D6417004FA672 /* Sources */,
				AAF7E18F1F8D6417004FA672 /* Frameworks */,
				AAF7E1901F8D6417004FA672 /* Resources */,
			);
			buildRules = (
			);
			dependencies = (
				AAF7E1941F8D6417004FA672 /* PBXTargetDependency */,
			);
			name = QuoteProStarterTests;
			productName = QuoteProStarterTests;
			productReference = AAF7E1921F8D6417004FA672 /* QuoteProStarterTests.xctest */;
			productType = "com.apple.product-type.bundle.unit-test";
		};
/* End PBXNativeTarget section */

/* Begin PBXProject section */
		AAF7E1761F8D6417004FA672 /* Project object */ = {
			isa = PBXProject;
			attributes = {
				LastSwiftUpdateCheck = 0900;
				LastUpgradeCheck = 0900;
				ORGANIZATIONNAME = steve;
				TargetAttributes = {
					AAF7E17D1F8D6417004FA672 = {
						CreatedOnToolsVersion = 9.0;
						ProvisioningStyle = Automatic;
					};
					AAF7E1911F8D6417004FA672 = {
						CreatedOnToolsVersion = 9.0;
						ProvisioningStyle = Automatic;
						TestTargetID = AAF7E17D1F8D6417004FA672;
					};
				};
			};
			buildConfigurationList = AAF7E1791F8D6417004FA672 /* Build configuration list for PBXProject "QuoteProStarter" */;
			compatibilityVersion = "Xcode 8.0";
			developmentRegion = en;
			hasScannedForEncodings = 0;
			knownRegions = (
				en,
				Base,
			);
			mainGroup = AAF7E1751F8D6417004FA672;
			productRefGroup = AAF7E17F1F8D6417004FA672 /* Products */;
			projectDirPath = "";
			projectRoot = "";
			targets = (
				AAF7E17D1F8D6417004FA672 /* QuoteProStarter */,
				AAF7E1911F8D6417004FA672 /* QuoteProStarterTests */,
			);
		};
/* End PBXProject section */

/* Begin PBXResourcesBuildPhase section */
		AAF7E17C1F8D6417004FA672 /* Resources */ = {
			isa = PBXResourcesBuildPhase;
			buildActionMask = 2147483647;
			files = (
				AAF7E18C1F8D6417004FA672 /* LaunchScreen.storyboard in Resources */,
				AAF7E1891F8D6417004FA672 /* Assets.xcassets in Resources */,
				AAF7E1871F8D6417004FA672 /* Main.storyboard in Resources */,
			);
			runOnlyForDeploymentPostprocessing = 0;
		};
		AAF7E1901F8D6417004FA672 /* Resources */ = {
			isa = PBXResourcesBuildPhase;
			buildActionMask = 2147483647;
			files = (
			);
			runOnlyForDeploymentPostprocessing = 0;
		};
/* End PBXResourcesBuildPhase section */

/* Begin PBXSourcesBuildPhase section */
		AAF7E17A1F8D6417004FA672 /* Sources */ = {
			isa = PBXSourcesBuildPhase;
			buildActionMask = 2147483647;
			files = (
				AAF7E1841F8D6417004FA672 /* ViewController.swift in Sources */,
				AAF7E1821F8D6417004FA672 /* AppDelegate.swift in Sources */,
			);
			runOnlyForDeploymentPostprocessing = 0;
		};
		AAF7E18E1F8D6417004FA672 /* Sources */ = {
			isa = PBXSourcesBuildPhase;
			buildActionMask = 2147483647;
			files = (
				AAF7E1971F8D6417004FA672 /* QuoteProStarterTests.swift in Sources */,
			);
			runOnlyForDeploymentPostprocessing = 0;
		};
/* End PBXSourcesBuildPhase section */

/* Begin PBXTargetDependency section */
		AAF7E1941F8D6417004FA672 /* PBXTargetDependency */ = {
			isa = PBXTargetDependency;
			target = AAF7E17D1F8D6417004FA672 /* QuoteProStarter */;
			targetProxy = AAF7E1931F8D6417004FA672 /* PBXContainerItemProxy */;
		};
/* End PBXTargetDependency section */

/* Begin PBXVariantGroup section */
		AAF7E1851F8D6417004FA672 /* Main.storyboard */ = {
			isa = PBXVariantGroup;
			children = (
				AAF7E1861F8D6417004FA672 /* Base */,
			);
			name = Main.storyboard;
			sourceTree = "<group>";
		};
		AAF7E18A1F8D6417004FA672 /* LaunchScreen.storyboard */ = {
			isa = PBXVariantGroup;
			children = (
				AAF7E18B1F8D6417004FA672 /* Base */,
			);
			name = LaunchScreen.storyboard;
			sourceTree = "<group>";
		};
/* End PBXVariantGroup section */

/* Begin XCBuildConfiguration section */
		AAF7E1991F8D6417004FA672 /* Debug */ = {
			isa = XCBuildConfiguration;
			buildSettings = {
				ALWAYS_SEARCH_USER_PATHS = NO;
				CLANG_ANALYZER_NONNULL = YES;
				CLANG_ANALYZER_NUMBER_OBJECT_CONVERSION = YES_AGGRESSIVE;
				CLANG_CXX_LANGUAGE_STANDARD = "gnu++14";
				CLANG_CXX_LIBRARY = "libc++";
				CLANG_ENABLE_MODULES = YES;
				CLANG_ENABLE_OBJC_ARC = YES;
				CLANG_WARN_BLOCK_CAPTURE_AUTORELEASING = YES;
				CLANG_WARN_BOOL_CONVERSION = YES;
				CLANG_WARN_COMMA = YES;
				CLANG_WARN_CONSTANT_CONVERSION = YES;
				CLANG_WARN_DIRECT_OBJC_ISA_USAGE = YES_ERROR;
				CLANG_WARN_DOCUMENTATION_COMMENTS = YES;
				CLANG_WARN_EMPTY_BODY = YES;
				CLANG_WARN_ENUM_CONVERSION = YES;
				CLANG_WARN_INFINITE_RECURSION = YES;
				CLANG_WARN_INT_CONVERSION = YES;
				CLANG_WARN_NON_LITERAL_NULL_CONVERSION = YES;
				CLANG_WARN_OBJC_LITERAL_CONVERSION = YES;
				CLANG_WARN_OBJC_ROOT_CLASS = YES_ERROR;
				CLANG_WARN_RANGE_LOOP_ANALYSIS = YES;
				CLANG_WARN_STRICT_PROTOTYPES = YES;
				CLANG_WARN_SUSPICIOUS_MOVE = YES;
				CLANG_WARN_UNGUARDED_AVAILABILITY = YES_AGGRESSIVE;
				CLANG_WARN_UNREACHABLE_CODE = YES;
				CLANG_WARN__DUPLICATE_METHOD_MATCH = YES;
				CODE_SIGN_IDENTITY = "iPhone Developer";
				COPY_PHASE_STRIP = NO;
				DEBUG_INFORMATION_FORMAT = dwarf;
				ENABLE_STRICT_OBJC_MSGSEND = YES;
				ENABLE_TESTABILITY = YES;
				GCC_C_LANGUAGE_STANDARD = gnu11;
				GCC_DYNAMIC_NO_PIC = NO;
				GCC_NO_COMMON_BLOCKS = YES;
				GCC_OPTIMIZATION_LEVEL = 0;
				GCC_PREPROCESSOR_DEFINITIONS = (
					"DEBUG=1",
					"$(inherited)",
				);
				GCC_WARN_64_TO_32_BIT_CONVERSION = YES;
				GCC_WARN_ABOUT_RETURN_TYPE = YES_ERROR;
				GCC_WARN_UNDECLARED_SELECTOR = YES;
				GCC_WARN_UNINITIALIZED_AUTOS = YES_AGGRESSIVE;
				GCC_WARN_UNUSED_FUNCTION = YES;
				GCC_WARN_UNUSED_VARIABLE = YES;
				IPHONEOS_DEPLOYMENT_TARGET = 11.0;
				MTL_ENABLE_DEBUG_INFO = YES;
				ONLY_ACTIVE_ARCH = YES;
				SDKROOT = iphoneos;
				SWIFT_ACTIVE_COMPILATION_CONDITIONS = DEBUG;
				SWIFT_OPTIMIZATION_LEVEL = "-Onone";
			};
			name = Debug;
		};
		AAF7E19A1F8D6417004FA672 /* Release */ = {
			isa = XCBuildConfiguration;
			buildSettings = {
				ALWAYS_SEARCH_USER_PATHS = NO;
				CLANG_ANALYZER_NONNULL = YES;
				CLANG_ANALYZER_NUMBER_OBJECT_CONVERSION = YES_AGGRESSIVE;
				CLANG_CXX_LANGUAGE_STANDARD = "gnu++14";
				CLANG_CXX_LIBRARY = "libc++";
				CLANG_ENABLE_MODULES = YES;
				CLANG_ENABLE_OBJC_ARC = YES;
				CLANG_WARN_BLOCK_CAPTURE_AUTORELEASING = YES;
				CLANG_WARN_BOOL_CONVERSION = YES;
				CLANG_WARN_COMMA = YES;
				CLANG_WARN_CONSTANT_CONVERSION = YES;
				CLANG_WARN_DIRECT_OBJC_ISA_USAGE = YES_ERROR;
				CLANG_WARN_DOCUMENTATION_COMMENTS = YES;
				CLANG_WARN_EMPTY_BODY = YES;
				CLANG_WARN_ENUM_CONVERSION = YES;
				CLANG_WARN_INFINITE_RECURSION = YES;
				CLANG_WARN_INT_CONVERSION = YES;
				CLANG_WARN_NON_LITERAL_NULL_CONVERSION = YES;
				CLANG_WARN_OBJC_LITERAL_CONVERSION = YES;
				CLANG_WARN_OBJC_ROOT_CLASS = YES_ERROR;
				CLANG_WARN_RANGE_LOOP_ANALYSIS = YES;
				CLANG_WARN_STRICT_PROTOTYPES = YES;
				CLANG_WARN_SUSPICIOUS_MOVE = YES;
				CLANG_WARN_UNGUARDED_AVAILABILITY = YES_AGGRESSIVE;
				CLANG_WARN_UNREACHABLE_CODE = YES;
				CLANG_WARN__DUPLICATE_METHOD_MATCH = YES;
				CODE_SIGN_IDENTITY = "iPhone Developer";
				COPY_PHASE_STRIP = NO;
				DEBUG_INFORMATION_FORMAT = "dwarf-with-dsym";
				ENABLE_NS_ASSERTIONS = NO;
				ENABLE_STRICT_OBJC_MSGSEND = YES;
				GCC_C_LANGUAGE_STANDARD = gnu11;
				GCC_NO_COMMON_BLOCKS = YES;
				GCC_WARN_64_TO_32_BIT_CONVERSION = YES;
				GCC_WARN_ABOUT_RETURN_TYPE = YES_ERROR;
				GCC_WARN_UNDECLARED_SELECTOR = YES;
				GCC_WARN_UNINITIALIZED_AUTOS = YES_AGGRESSIVE;
				GCC_WARN_UNUSED_FUNCTION = YES;
				GCC_WARN_UNUSED_VARIABLE = YES;
				IPHONEOS_DEPLOYMENT_TARGET = 11.0;
				MTL_ENABLE_DEBUG_INFO = NO;
				SDKROOT = iphoneos;
				SWIFT_OPTIMIZATION_LEVEL = "-Owholemodule";
				VALIDATE_PRODUCT = YES;
			};
			name = Release;
		};
		AAF7E19C1F8D6417004FA672 /* Debug */ = {
			isa = XCBuildConfiguration;
			buildSettings = {
				ASSETCATALOG_COMPILER_APPICON_NAME = AppIcon;
				CODE_SIGN_STYLE = Automatic;
				DEVELOPMENT_TEAM = 6D3DA9G4XW;
				INFOPLIST_FILE = QuoteProStarter/Info.plist;
				LD_RUNPATH_SEARCH_PATHS = "$(inherited) @executable_path/Frameworks";
				PRODUCT_BUNDLE_IDENTIFIER = com.cocoanutmobile.QuoteProStarter;
				PRODUCT_NAME = "$(TARGET_NAME)";
				SWIFT_VERSION = 4.0;
				TARGETED_DEVICE_FAMILY = "1,2";
			};
			name = Debug;
		};
		AAF7E19D1F8D6417004FA672 /* Release */ = {
			isa = XCBuildConfiguration;
			buildSettings = {
				ASSETCATALOG_COMPILER_APPICON_NAME = AppIcon;
				CODE_SIGN_STYLE = Automatic;
				DEVELOPMENT_TEAM = 6D3DA9G4XW;
				INFOPLIST_FILE = QuoteProStarter/Info.plist;
				LD_RUNPATH_SEARCH_PATHS = "$(inherited) @executable_path/Frameworks";
				PRODUCT_BUNDLE_IDENTIFIER = com.cocoanutmobile.QuoteProStarter;
				PRODUCT_NAME = "$(TARGET_NAME)";
				SWIFT_VERSION = 4.0;
				TARGETED_DEVICE_FAMILY = "1,2";
			};
			name = Release;
		};
		AAF7E19F1F8D6417004FA672 /* Debug */ = {
			isa = XCBuildConfiguration;
			buildSettings = {
				ALWAYS_EMBED_SWIFT_STANDARD_LIBRARIES = YES;
				BUNDLE_LOADER = "$(TEST_HOST)";
				CODE_SIGN_STYLE = Automatic;
				DEVELOPMENT_TEAM = 6D3DA9G4XW;
				INFOPLIST_FILE = QuoteProStarterTests/Info.plist;
				LD_RUNPATH_SEARCH_PATHS = "$(inherited) @executable_path/Frameworks @loader_path/Frameworks";
				PRODUCT_BUNDLE_IDENTIFIER = com.cocoanutmobile.QuoteProStarterTests;
				PRODUCT_NAME = "$(TARGET_NAME)";
				SWIFT_VERSION = 4.0;
				TARGETED_DEVICE_FAMILY = "1,2";
				TEST_HOST = "$(BUILT_PRODUCTS_DIR)/QuoteProStarter.app/QuoteProStarter";
			};
			name = Debug;
		};
		AAF7E1A01F8D6417004FA672 /* Release */ = {
			isa = XCBuildConfiguration;
			buildSettings = {
				ALWAYS_EMBED_SWIFT_STANDARD_LIBRARIES = YES;
				BUNDLE_LOADER = "$(TEST_HOST)";
				CODE_SIGN_STYLE = Automatic;
				DEVELOPMENT_TEAM = 6D3DA9G4XW;
				INFOPLIST_FILE = QuoteProStarterTests/Info.plist;
				LD_RUNPATH_SEARCH_PATHS = "$(inherited) @executable_path/Frameworks @loader_path/Frameworks";
				PRODUCT_BUNDLE_IDENTIFIER = com.cocoanutmobile.QuoteProStarterTests;
				PRODUCT_NAME = "$(TARGET_NAME)";
				SWIFT_VERSION = 4.0;
				TARGETED_DEVICE_FAMILY = "1,2";
				TEST_HOST = "$(BUILT_PRODUCTS_DIR)/QuoteProStarter.app/QuoteProStarter";
			};
			name = Release;
		};
/* End XCBuildConfiguration section */

/* Begin XCConfigurationList section */
		AAF7E1791F8D6417004FA672 /* Build configuration list for PBXProject "QuoteProStarter" */ = {
			isa = XCConfigurationList;
			buildConfigurations = (
				AAF7E1991F8D6417004FA672 /* Debug */,
				AAF7E19A1F8D6417004FA672 /* Release */,
			);
			defaultConfigurationIsVisible = 0;
			defaultConfigurationName = Release;
		};
		AAF7E19B1F8D6417004FA672 /* Build configuration list for PBXNativeTarget "QuoteProStarter" */ = {
			isa = XCConfigurationList;
			buildConfigurations = (
				AAF7E19C1F8D6417004FA672 /* Debug */,
				AAF7E19D1F8D6417004FA672 /* Release */,
			);
			defaultConfigurationIsVisible = 0;
			defaultConfigurationName = Release;
		};
		AAF7E19E1F8D6417004FA672 /* Build configuration list for PBXNativeTarget "QuoteProStarterTests" */ = {
			isa = XCConfigurationList;
			buildConfigurations = (
				AAF7E19F1F8D6417004FA672 /* Debug */,
				AAF7E1A01F8D6417004FA672 /* Release */,
			);
			defaultConfigurationIsVisible = 0;
			defaultConfigurationName = Release;
		};
/* End XCConfigurationList section */
	};
	rootObject = AAF7E1761F8D6417004FA672 /* Project object */;
}
